
Microsoft Visual Studio Solution File, Format Version 12.00
# Visual Studio 15
VisualStudioVersion = 15.0.28010.2016
MinimumVisualStudioVersion = 10.0.40219.1
Project("{FAE04EC0-301F-11D3-BF4B-00C04F79EFBC}") = "LineBusPOA", "LineBusPOA.csproj", "{94D73063-F007-4812-8653-92359ACBEFBC}"
EndProject
Global
	GlobalSection(SolutionConfigurationPlatforms) = preSolution
		Debug|Any CPU = Debug|Any CPU
		Release|Any CPU = Release|Any CPU
	EndGlobalSection
	GlobalSection(ProjectConfigurationPlatforms) = postSolution
		{94D73063-F007-4812-8653-92359ACBEFBC}.Debug|Any CPU.ActiveCfg = Debug|Any CPU
		{94D73063-F007-4812-8653-92359ACBEFBC}.Debug|Any CPU.Build.0 = Debug|Any CPU
		{94D73063-F007-4812-8653-92359ACBEFBC}.Release|Any CPU.ActiveCfg = Release|Any CPU
		{94D73063-F007-4812-8653-92359ACBEFBC}.Release|Any CPU.Build.0 = Release|Any CPU
	EndGlobalSection
	GlobalSection(SolutionProperties) = preSolution
		HideSolutionNode = FALSE
	EndGlobalSection
	GlobalSection(ExtensibilityGlobals) = postSolution
		SolutionGuid = {EB9E081F-129D-46CE-BC95-43E474CCEEDD}
	EndGlobalSection
EndGlobal
